// !$*UTF8*$!
{
	archiveVersion = 1;
	classes = {
	};
	objectVersion = 46;
	objects = {

/* Begin PBXBuildFile section */
		93BE1FA31DEA01E700E371FD /* ColonyList.swift in Sources */ = {isa = PBXBuildFile; fileRef = 93BE1FA21DEA01E700E371FD /* ColonyList.swift */; };
		93BE1FA71DEA3ED200E371FD /* colonyCell.swift in Sources */ = {isa = PBXBuildFile; fileRef = 93BE1FA61DEA3ED200E371FD /* colonyCell.swift */; };
		93BE1FA91DEA45E900E371FD /* drawView.swift in Sources */ = {isa = PBXBuildFile; fileRef = 93BE1FA81DEA45E900E371FD /* drawView.swift */; };
		93BE1FAD1DEC9A2800E371FD /* Line.swift in Sources */ = {isa = PBXBuildFile; fileRef = 93BE1FAC1DEC9A2800E371FD /* Line.swift */; };
		C0E673641DE9F5700098FE32 /* AppDelegate.swift in Sources */ = {isa = PBXBuildFile; fileRef = C0E673631DE9F5700098FE32 /* AppDelegate.swift */; };
		C0E673661DE9F5700098FE32 /* MasterViewController.swift in Sources */ = {isa = PBXBuildFile; fileRef = C0E673651DE9F5700098FE32 /* MasterViewController.swift */; };
		C0E673681DE9F5700098FE32 /* DetailViewController.swift in Sources */ = {isa = PBXBuildFile; fileRef = C0E673671DE9F5700098FE32 /* DetailViewController.swift */; };
		C0E6736B1DE9F5700098FE32 /* Main.storyboard in Resources */ = {isa = PBXBuildFile; fileRef = C0E673691DE9F5700098FE32 /* Main.storyboard */; };
		C0E6736D1DE9F5700098FE32 /* Assets.xcassets in Resources */ = {isa = PBXBuildFile; fileRef = C0E6736C1DE9F5700098FE32 /* Assets.xcassets */; };
		C0E673701DE9F5700098FE32 /* LaunchScreen.storyboard in Resources */ = {isa = PBXBuildFile; fileRef = C0E6736E1DE9F5700098FE32 /* LaunchScreen.storyboard */; };
		C0E673781DE9F5B90098FE32 /* Colony.swift in Sources */ = {isa = PBXBuildFile; fileRef = C0E673771DE9F5B90098FE32 /* Colony.swift */; };
		C0E6737A1DE9F5CC0098FE32 /* Cell.swift in Sources */ = {isa = PBXBuildFile; fileRef = C0E673791DE9F5CC0098FE32 /* Cell.swift */; };
/* End PBXBuildFile section */

/* Begin PBXFileReference section */
		93BE1FA21DEA01E700E371FD /* ColonyList.swift */ = {isa = PBXFileReference; fileEncoding = 4; lastKnownFileType = sourcecode.swift; path = ColonyList.swift; sourceTree = "<group>"; };
		93BE1FA61DEA3ED200E371FD /* colonyCell.swift */ = {isa = PBXFileReference; fileEncoding = 4; lastKnownFileType = sourcecode.swift; path = colonyCell.swift; sourceTree = "<group>"; };
		93BE1FA81DEA45E900E371FD /* drawView.swift */ = {isa = PBXFileReference; fileEncoding = 4; lastKnownFileType = sourcecode.swift; path = drawView.swift; sourceTree = "<group>"; };
		93BE1FAC1DEC9A2800E371FD /* Line.swift */ = {isa = PBXFileReference; fileEncoding = 4; lastKnownFileType = sourcecode.swift; path = Line.swift; sourceTree = "<group>"; };
		C0E673601DE9F5700098FE32 /* game-of-life.app */ = {isa = PBXFileReference; explicitFileType = wrapper.application; includeInIndex = 0; path = "game-of-life.app"; sourceTree = BUILT_PRODUCTS_DIR; };
		C0E673631DE9F5700098FE32 /* AppDelegate.swift */ = {isa = PBXFileReference; lastKnownFileType = sourcecode.swift; path = AppDelegate.swift; sourceTree = "<group>"; };
		C0E673651DE9F5700098FE32 /* MasterViewController.swift */ = {isa = PBXFileReference; lastKnownFileType = sourcecode.swift; path = MasterViewController.swift; sourceTree = "<group>"; };
		C0E673671DE9F5700098FE32 /* DetailViewController.swift */ = {isa = PBXFileReference; lastKnownFileType = sourcecode.swift; path = DetailViewController.swift; sourceTree = "<group>"; };
		C0E6736A1DE9F5700098FE32 /* Base */ = {isa = PBXFileReference; lastKnownFileType = file.storyboard; name = Base; path = Base.lproj/Main.storyboard; sourceTree = "<group>"; };
		C0E6736C1DE9F5700098FE32 /* Assets.xcassets */ = {isa = PBXFileReference; lastKnownFileType = folder.assetcatalog; path = Assets.xcassets; sourceTree = "<group>"; };
		C0E6736F1DE9F5700098FE32 /* Base */ = {isa = PBXFileReference; lastKnownFileType = file.storyboard; name = Base; path = Base.lproj/LaunchScreen.storyboard; sourceTree = "<group>"; };
		C0E673711DE9F5700098FE32 /* Info.plist */ = {isa = PBXFileReference; lastKnownFileType = text.plist.xml; path = Info.plist; sourceTree = "<group>"; };
		C0E673771DE9F5B90098FE32 /* Colony.swift */ = {isa = PBXFileReference; fileEncoding = 4; lastKnownFileType = sourcecode.swift; name = Colony.swift; path = ../Colony.swift; sourceTree = "<group>"; };
		C0E673791DE9F5CC0098FE32 /* Cell.swift */ = {isa = PBXFileReference; fileEncoding = 4; lastKnownFileType = sourcecode.swift; path = Cell.swift; sourceTree = "<group>"; };
/* End PBXFileReference section */

/* Begin PBXFrameworksBuildPhase section */
		C0E6735D1DE9F5700098FE32 /* Frameworks */ = {
			isa = PBXFrameworksBuildPhase;
			buildActionMask = 2147483647;
			files = (
			);
			runOnlyForDeploymentPostprocessing = 0;
		};
/* End PBXFrameworksBuildPhase section */

/* Begin PBXGroup section */
		C0E673571DE9F5700098FE32 = {
			isa = PBXGroup;
			children = (
				C0E673621DE9F5700098FE32 /* game-of-life */,
				C0E673611DE9F5700098FE32 /* Products */,
			);
			sourceTree = "<group>";
		};
		C0E673611DE9F5700098FE32 /* Products */ = {
			isa = PBXGroup;
			children = (
				C0E673601DE9F5700098FE32 /* game-of-life.app */,
			);
			name = Products;
			sourceTree = "<group>";
		};
		C0E673621DE9F5700098FE32 /* game-of-life */ = {
			isa = PBXGroup;
			children = (
				C0E673771DE9F5B90098FE32 /* Colony.swift */,
				C0E673791DE9F5CC0098FE32 /* Cell.swift */,
				C0E673631DE9F5700098FE32 /* AppDelegate.swift */,
				C0E673651DE9F5700098FE32 /* MasterViewController.swift */,
				93BE1FA81DEA45E900E371FD /* drawView.swift */,
				C0E673671DE9F5700098FE32 /* DetailViewController.swift */,
				C0E673691DE9F5700098FE32 /* Main.storyboard */,
				93BE1FAC1DEC9A2800E371FD /* Line.swift */,
				93BE1FA61DEA3ED200E371FD /* colonyCell.swift */,
				93BE1FA21DEA01E700E371FD /* ColonyList.swift */,
				C0E6736C1DE9F5700098FE32 /* Assets.xcassets */,
				C0E6736E1DE9F5700098FE32 /* LaunchScreen.storyboard */,
				C0E673711DE9F5700098FE32 /* Info.plist */,
			);
			path = "game-of-life";
			sourceTree = "<group>";
		};
/* End PBXGroup section */

/* Begin PBXNativeTarget section */
		C0E6735F1DE9F5700098FE32 /* game-of-life */ = {
			isa = PBXNativeTarget;
			buildConfigurationList = C0E673741DE9F5700098FE32 /* Build configuration list for PBXNativeTarget "game-of-life" */;
			buildPhases = (
				C0E6735C1DE9F5700098FE32 /* Sources */,
				C0E6735D1DE9F5700098FE32 /* Frameworks */,
				C0E6735E1DE9F5700098FE32 /* Resources */,
			);
			buildRules = (
			);
			dependencies = (
			);
			name = "game-of-life";
			productName = "game-of-life";
			productReference = C0E673601DE9F5700098FE32 /* game-of-life.app */;
			productType = "com.apple.product-type.application";
		};
/* End PBXNativeTarget section */

/* Begin PBXProject section */
		C0E673581DE9F5700098FE32 /* Project object */ = {
			isa = PBXProject;
			attributes = {
				LastSwiftUpdateCheck = 0810;
				LastUpgradeCheck = 0810;
				ORGANIZATIONNAME = "Yifan and Hannah Production";
				TargetAttributes = {
					C0E6735F1DE9F5700098FE32 = {
						CreatedOnToolsVersion = 8.1;
						ProvisioningStyle = Automatic;
					};
				};
			};
			buildConfigurationList = C0E6735B1DE9F5700098FE32 /* Build configuration list for PBXProject "game-of-life" */;
			compatibilityVersion = "Xcode 3.2";
			developmentRegion = English;
			hasScannedForEncodings = 0;
			knownRegions = (
				en,
				Base,
			);
			mainGroup = C0E673571DE9F5700098FE32;
			productRefGroup = C0E673611DE9F5700098FE32 /* Products */;
			projectDirPath = "";
			projectRoot = "";
			targets = (
				C0E6735F1DE9F5700098FE32 /* game-of-life */,
			);
		};
/* End PBXProject section */

/* Begin PBXResourcesBuildPhase section */
		C0E6735E1DE9F5700098FE32 /* Resources */ = {
			isa = PBXResourcesBuildPhase;
			buildActionMask = 2147483647;
			files = (
				C0E673701DE9F5700098FE32 /* LaunchScreen.storyboard in Resources */,
				C0E6736D1DE9F5700098FE32 /* Assets.xcassets in Resources */,
				C0E6736B1DE9F5700098FE32 /* Main.storyboard in Resources */,
			);
			runOnlyForDeploymentPostprocessing = 0;
		};
/* End PBXResourcesBuildPhase section */

/* Begin PBXSourcesBuildPhase section */
		C0E6735C1DE9F5700098FE32 /* Sources */ = {
			isa = PBXSourcesBuildPhase;
			buildActionMask = 2147483647;
			files = (
				C0E673681DE9F5700098FE32 /* DetailViewController.swift in Sources */,
				93BE1FA71DEA3ED200E371FD /* colonyCell.swift in Sources */,
				93BE1FA91DEA45E900E371FD /* drawView.swift in Sources */,
				C0E673661DE9F5700098FE32 /* MasterViewController.swift in Sources */,
				C0E6737A1DE9F5CC0098FE32 /* Cell.swift in Sources */,
				93BE1FA31DEA01E700E371FD /* ColonyList.swift in Sources */,
				93BE1FAD1DEC9A2800E371FD /* Line.swift in Sources */,
				C0E673641DE9F5700098FE32 /* AppDelegate.swift in Sources */,
				C0E673781DE9F5B90098FE32 /* Colony.swift in Sources */,
			);
			runOnlyForDeploymentPostprocessing = 0;
		};
/* End PBXSourcesBuildPhase section */

/* Begin PBXVariantGroup section */
		C0E673691DE9F5700098FE32 /* Main.storyboard */ = {
			isa = PBXVariantGroup;
			children = (
				C0E6736A1DE9F5700098FE32 /* Base */,
			);
			name = Main.storyboard;
			sourceTree = "<group>";
		};
		C0E6736E1DE9F5700098FE32 /* LaunchScreen.storyboard */ = {
			isa = PBXVariantGroup;
			children = (
				C0E6736F1DE9F5700098FE32 /* Base */,
			);
			name = LaunchScreen.storyboard;
			sourceTree = "<group>";
		};
/* End PBXVariantGroup section */

/* Begin XCBuildConfiguration section */
		C0E673721DE9F5700098FE32 /* Debug */ = {
			isa = XCBuildConfiguration;
			buildSettings = {
				ALWAYS_SEARCH_USER_PATHS = NO;
				CLANG_ANALYZER_NONNULL = YES;
				CLANG_CXX_LANGUAGE_STANDARD = "gnu++0x";
				CLANG_CXX_LIBRARY = "libc++";
				CLANG_ENABLE_MODULES = YES;
				CLANG_ENABLE_OBJC_ARC = YES;
				CLANG_WARN_BOOL_CONVERSION = YES;
				CLANG_WARN_CONSTANT_CONVERSION = YES;
				CLANG_WARN_DIRECT_OBJC_ISA_USAGE = YES_ERROR;
				CLANG_WARN_DOCUMENTATION_COMMENTS = YES;
				CLANG_WARN_EMPTY_BODY = YES;
				CLANG_WARN_ENUM_CONVERSION = YES;
				CLANG_WARN_INFINITE_RECURSION = YES;
				CLANG_WARN_INT_CONVERSION = YES;
				CLANG_WARN_OBJC_ROOT_CLASS = YES_ERROR;
				CLANG_WARN_SUSPICIOUS_MOVES = YES;
				CLANG_WARN_UNREACHABLE_CODE = YES;
				CLANG_WARN__DUPLICATE_METHOD_MATCH = YES;
				"CODE_SIGN_IDENTITY[sdk=iphoneos*]" = "iPhone Developer";
				COPY_PHASE_STRIP = NO;
				DEBUG_INFORMATION_FORMAT = dwarf;
				ENABLE_STRICT_OBJC_MSGSEND = YES;
				ENABLE_TESTABILITY = YES;
				GCC_C_LANGUAGE_STANDARD = gnu99;
				GCC_DYNAMIC_NO_PIC = NO;
				GCC_NO_COMMON_BLOCKS = YES;
				GCC_OPTIMIZATION_LEVEL = 0;
				GCC_PREPROCESSOR_DEFINITIONS = (
					"DEBUG=1",
					"$(inherited)",
				);
				GCC_WARN_64_TO_32_BIT_CONVERSION = YES;
				GCC_WARN_ABOUT_RETURN_TYPE = YES_ERROR;
				GCC_WARN_UNDECLARED_SELECTOR = YES;
				GCC_WARN_UNINITIALIZED_AUTOS = YES_AGGRESSIVE;
				GCC_WARN_UNUSED_FUNCTION = YES;
				GCC_WARN_UNUSED_VARIABLE = YES;
				IPHONEOS_DEPLOYMENT_TARGET = 10.1;
				MTL_ENABLE_DEBUG_INFO = YES;
				ONLY_ACTIVE_ARCH = YES;
				SDKROOT = iphoneos;
				SWIFT_ACTIVE_COMPILATION_CONDITIONS = DEBUG;
				SWIFT_OPTIMIZATION_LEVEL = "-Onone";
			};
			name = Debug;
		};
		C0E673731DE9F5700098FE32 /* Release */ = {
			isa = XCBuildConfiguration;
			buildSettings = {
				ALWAYS_SEARCH_USER_PATHS = NO;
				CLANG_ANALYZER_NONNULL = YES;
				CLANG_CXX_LANGUAGE_STANDARD = "gnu++0x";
				CLANG_CXX_LIBRARY = "libc++";
				CLANG_ENABLE_MODULES = YES;
				CLANG_ENABLE_OBJC_ARC = YES;
				CLANG_WARN_BOOL_CONVERSION = YES;
				CLANG_WARN_CONSTANT_CONVERSION = YES;
				CLANG_WARN_DIRECT_OBJC_ISA_USAGE = YES_ERROR;
				CLANG_WARN_DOCUMENTATION_COMMENTS = YES;
				CLANG_WARN_EMPTY_BODY = YES;
				CLANG_WARN_ENUM_CONVERSION = YES;
				CLANG_WARN_INFINITE_RECURSION = YES;
				CLANG_WARN_INT_CONVERSION = YES;
				CLANG_WARN_OBJC_ROOT_CLASS = YES_ERROR;
				CLANG_WARN_SUSPICIOUS_MOVES = YES;
				CLANG_WARN_UNREACHABLE_CODE = YES;
				CLANG_WARN__DUPLICATE_METHOD_MATCH = YES;
				"CODE_SIGN_IDENTITY[sdk=iphoneos*]" = "iPhone Developer";
				COPY_PHASE_STRIP = NO;
				DEBUG_INFORMATION_FORMAT = "dwarf-with-dsym";
				ENABLE_NS_ASSERTIONS = NO;
				ENABLE_STRICT_OBJC_MSGSEND = YES;
				GCC_C_LANGUAGE_STANDARD = gnu99;
				GCC_NO_COMMON_BLOCKS = YES;
				GCC_WARN_64_TO_32_BIT_CONVERSION = YES;
				GCC_WARN_ABOUT_RETURN_TYPE = YES_ERROR;
				GCC_WARN_UNDECLARED_SELECTOR = YES;
				GCC_WARN_UNINITIALIZED_AUTOS = YES_AGGRESSIVE;
				GCC_WARN_UNUSED_FUNCTION = YES;
				GCC_WARN_UNUSED_VARIABLE = YES;
				IPHONEOS_DEPLOYMENT_TARGET = 10.1;
				MTL_ENABLE_DEBUG_INFO = NO;
				SDKROOT = iphoneos;
				SWIFT_OPTIMIZATION_LEVEL = "-Owholemodule";
				VALIDATE_PRODUCT = YES;
			};
			name = Release;
		};
		C0E673751DE9F5700098FE32 /* Debug */ = {
			isa = XCBuildConfiguration;
			buildSettings = {
				ASSETCATALOG_COMPILER_APPICON_NAME = AppIcon;
				INFOPLIST_FILE = "game-of-life/Info.plist";
				LD_RUNPATH_SEARCH_PATHS = "$(inherited) @executable_path/Frameworks";
				PRODUCT_BUNDLE_IDENTIFIER = "Hannah.game-of-life";
				PRODUCT_NAME = "$(TARGET_NAME)";
				SWIFT_VERSION = 3.0;
				TARGETED_DEVICE_FAMILY = 2;
			};
			name = Debug;
		};
		C0E673761DE9F5700098FE32 /* Release */ = {
			isa = XCBuildConfiguration;
			buildSettings = {
				ASSETCATALOG_COMPILER_APPICON_NAME = AppIcon;
				INFOPLIST_FILE = "game-of-life/Info.plist";
				LD_RUNPATH_SEARCH_PATHS = "$(inherited) @executable_path/Frameworks";
				PRODUCT_BUNDLE_IDENTIFIER = "Hannah.game-of-life";
				PRODUCT_NAME = "$(TARGET_NAME)";
				SWIFT_VERSION = 3.0;
				TARGETED_DEVICE_FAMILY = 2;
			};
			name = Release;
		};
/* End XCBuildConfiguration section */

/* Begin XCConfigurationList section */
		C0E6735B1DE9F5700098FE32 /* Build configuration list for PBXProject "game-of-life" */ = {
			isa = XCConfigurationList;
			buildConfigurations = (
				C0E673721DE9F5700098FE32 /* Debug */,
				C0E673731DE9F5700098FE32 /* Release */,
			);
			defaultConfigurationIsVisible = 0;
			defaultConfigurationName = Release;
		};
		C0E673741DE9F5700098FE32 /* Build configuration list for PBXNativeTarget "game-of-life" */ = {
			isa = XCConfigurationList;
			buildConfigurations = (
				C0E673751DE9F5700098FE32 /* Debug */,
				C0E673761DE9F5700098FE32 /* Release */,
			);
			defaultConfigurationIsVisible = 0;
			defaultConfigurationName = Release;
		};
/* End XCConfigurationList section */
	};
	rootObject = C0E673581DE9F5700098FE32 /* Project object */;
}
